{
  "name": "tslib",
  "version": "1.0.0",
  "lockfileVersion": 1,
  "requires": true,
  "dependencies": {
    "typescript": {
      "version": "3.7.4",
      "resolved": "https://artifactory.cgm.ag:443/api/npm/global.npm.virtual/typescript/-/typescript-3.7.4.tgz",
      "integrity": "sha1-F0Ol7F/vah+p8+RwjjPIHHOHbBk=",
      "dev": true
    }
  }
}
